
Microsoft Visual Studio Solution File, Format Version 12.00
# Visual Studio 14
VisualStudioVersion = 14.0.25420.1
MinimumVisualStudioVersion = 10.0.40219.1
Project("{FAE04EC0-301F-11D3-BF4B-00C04F79EFBC}") = "Falcon RFID", "Falcon RFID\Falcon RFID.csproj", "{23073F84-B9DC-425C-B2A4-045E603F9BA7}"
EndProject
Project("{FAE04EC0-301F-11D3-BF4B-00C04F79EFBC}") = "RFID Client", "RFID Client\RFID Client.csproj", "{1EC83564-5402-49D3-9137-997E070787A2}"
EndProject
Project("{2150E333-8FDC-42A3-9474-1A3956D46DE8}") = "Executables", "Executables", "{0F2143E3-F4BD-41FC-AC93-368C9BD8F8E7}"
EndProject
Project("{2150E333-8FDC-42A3-9474-1A3956D46DE8}") = "Libraries", "Libraries", "{C7BC7526-380B-46EB-BAF3-DDA717884BFD}"
EndProject
Project("{FAE04EC0-301F-11D3-BF4B-00C04F79EFBC}") = "GEV Mini Webservers", "GEV Mini Webserver\GEV Mini Webservers.csproj", "{AC64018F-0887-4B41-9D42-0F59F3C72046}"
EndProject
Project("{2150E333-8FDC-42A3-9474-1A3956D46DE8}") = "Comm libraries", "Comm libraries", "{B856A533-F53B-42E7-BEEA-F12912C2B57F}"
EndProject
Project("{FAE04EC0-301F-11D3-BF4B-00C04F79EFBC}") = "RFID Comm", "RFID Comm\RFID Comm.csproj", "{6C62A60A-BDED-44AE-8DEB-D048EC84A837}"
EndProject
Project("{FAE04EC0-301F-11D3-BF4B-00C04F79EFBC}") = "GEV Control Layouts", "..\..\..\GEV-Control-Layouts\src\GEV Control Layouts\GEV Control Layouts.csproj", "{677BBE0E-F8C8-4AF3-A398-ED0CE7C22E69}"
EndProject
Project("{FAE04EC0-301F-11D3-BF4B-00C04F79EFBC}") = "Falcon RFID GUI", "Falcon RFID GUI\Falcon RFID GUI.csproj", "{BE59ADB1-60AC-46A8-9777-CDE4FC12B4CB}"
EndProject
Project("{FAE04EC0-301F-11D3-BF4B-00C04F79EFBC}") = "Falcon RFID Commons", "Falcon RFID Commons\Falcon RFID Commons.csproj", "{3C1A83C5-9DCC-4646-BD97-C115B140DCE1}"
EndProject
Project("{FAE04EC0-301F-11D3-BF4B-00C04F79EFBC}") = "GEV Control Layouts Plus", "..\..\..\GEV-Control-Layouts\src\GEV Control Layouts Plus\GEV Control Layouts Plus.csproj", "{D93E1488-F699-411A-852F-858BC268F87C}"
EndProject
Global
	GlobalSection(SolutionConfigurationPlatforms) = preSolution
		Debug|Any CPU = Debug|Any CPU
		Release|Any CPU = Release|Any CPU
	EndGlobalSection
	GlobalSection(ProjectConfigurationPlatforms) = postSolution
		{23073F84-B9DC-425C-B2A4-045E603F9BA7}.Debug|Any CPU.ActiveCfg = Debug|Any CPU
		{23073F84-B9DC-425C-B2A4-045E603F9BA7}.Debug|Any CPU.Build.0 = Debug|Any CPU
		{23073F84-B9DC-425C-B2A4-045E603F9BA7}.Release|Any CPU.ActiveCfg = Release|Any CPU
		{23073F84-B9DC-425C-B2A4-045E603F9BA7}.Release|Any CPU.Build.0 = Release|Any CPU
		{1EC83564-5402-49D3-9137-997E070787A2}.Debug|Any CPU.ActiveCfg = Debug|Any CPU
		{1EC83564-5402-49D3-9137-997E070787A2}.Debug|Any CPU.Build.0 = Debug|Any CPU
		{1EC83564-5402-49D3-9137-997E070787A2}.Release|Any CPU.ActiveCfg = Release|Any CPU
		{1EC83564-5402-49D3-9137-997E070787A2}.Release|Any CPU.Build.0 = Release|Any CPU
		{AC64018F-0887-4B41-9D42-0F59F3C72046}.Debug|Any CPU.ActiveCfg = Debug|Any CPU
		{AC64018F-0887-4B41-9D42-0F59F3C72046}.Debug|Any CPU.Build.0 = Debug|Any CPU
		{AC64018F-0887-4B41-9D42-0F59F3C72046}.Release|Any CPU.ActiveCfg = Release|Any CPU
		{AC64018F-0887-4B41-9D42-0F59F3C72046}.Release|Any CPU.Build.0 = Release|Any CPU
		{6C62A60A-BDED-44AE-8DEB-D048EC84A837}.Debug|Any CPU.ActiveCfg = Debug|Any CPU
		{6C62A60A-BDED-44AE-8DEB-D048EC84A837}.Debug|Any CPU.Build.0 = Debug|Any CPU
		{6C62A60A-BDED-44AE-8DEB-D048EC84A837}.Release|Any CPU.ActiveCfg = Release|Any CPU
		{6C62A60A-BDED-44AE-8DEB-D048EC84A837}.Release|Any CPU.Build.0 = Release|Any CPU
		{677BBE0E-F8C8-4AF3-A398-ED0CE7C22E69}.Debug|Any CPU.ActiveCfg = Debug|Any CPU
		{677BBE0E-F8C8-4AF3-A398-ED0CE7C22E69}.Debug|Any CPU.Build.0 = Debug|Any CPU
		{677BBE0E-F8C8-4AF3-A398-ED0CE7C22E69}.Release|Any CPU.ActiveCfg = Release|Any CPU
		{677BBE0E-F8C8-4AF3-A398-ED0CE7C22E69}.Release|Any CPU.Build.0 = Release|Any CPU
		{BE59ADB1-60AC-46A8-9777-CDE4FC12B4CB}.Debug|Any CPU.ActiveCfg = Debug|Any CPU
		{BE59ADB1-60AC-46A8-9777-CDE4FC12B4CB}.Debug|Any CPU.Build.0 = Debug|Any CPU
		{BE59ADB1-60AC-46A8-9777-CDE4FC12B4CB}.Release|Any CPU.ActiveCfg = Release|Any CPU
		{BE59ADB1-60AC-46A8-9777-CDE4FC12B4CB}.Release|Any CPU.Build.0 = Release|Any CPU
		{3C1A83C5-9DCC-4646-BD97-C115B140DCE1}.Debug|Any CPU.ActiveCfg = Debug|Any CPU
		{3C1A83C5-9DCC-4646-BD97-C115B140DCE1}.Debug|Any CPU.Build.0 = Debug|Any CPU
		{3C1A83C5-9DCC-4646-BD97-C115B140DCE1}.Release|Any CPU.ActiveCfg = Release|Any CPU
		{3C1A83C5-9DCC-4646-BD97-C115B140DCE1}.Release|Any CPU.Build.0 = Release|Any CPU
		{D93E1488-F699-411A-852F-858BC268F87C}.Debug|Any CPU.ActiveCfg = Debug|Any CPU
		{D93E1488-F699-411A-852F-858BC268F87C}.Debug|Any CPU.Build.0 = Debug|Any CPU
		{D93E1488-F699-411A-852F-858BC268F87C}.Release|Any CPU.ActiveCfg = Release|Any CPU
		{D93E1488-F699-411A-852F-858BC268F87C}.Release|Any CPU.Build.0 = Release|Any CPU
	EndGlobalSection
	GlobalSection(SolutionProperties) = preSolution
		HideSolutionNode = FALSE
	EndGlobalSection
	GlobalSection(NestedProjects) = preSolution
		{23073F84-B9DC-425C-B2A4-045E603F9BA7} = {0F2143E3-F4BD-41FC-AC93-368C9BD8F8E7}
		{1EC83564-5402-49D3-9137-997E070787A2} = {0F2143E3-F4BD-41FC-AC93-368C9BD8F8E7}
		{AC64018F-0887-4B41-9D42-0F59F3C72046} = {C7BC7526-380B-46EB-BAF3-DDA717884BFD}
		{6C62A60A-BDED-44AE-8DEB-D048EC84A837} = {B856A533-F53B-42E7-BEEA-F12912C2B57F}
		{677BBE0E-F8C8-4AF3-A398-ED0CE7C22E69} = {C7BC7526-380B-46EB-BAF3-DDA717884BFD}
		{BE59ADB1-60AC-46A8-9777-CDE4FC12B4CB} = {0F2143E3-F4BD-41FC-AC93-368C9BD8F8E7}
		{3C1A83C5-9DCC-4646-BD97-C115B140DCE1} = {B856A533-F53B-42E7-BEEA-F12912C2B57F}
		{D93E1488-F699-411A-852F-858BC268F87C} = {C7BC7526-380B-46EB-BAF3-DDA717884BFD}
	EndGlobalSection
EndGlobal
